// !$*UTF8*$!
{
	archiveVersion = 1;
	classes = {
	};
	objectVersion = 50;
	objects = {

/* Begin PBXBuildFile section */
		4CE461012498E96F005F201A /* AppDelegate.swift in Sources */ = {isa = PBXBuildFile; fileRef = 4CE461002498E96F005F201A /* AppDelegate.swift */; };
		4CE461032498E96F005F201A /* SceneDelegate.swift in Sources */ = {isa = PBXBuildFile; fileRef = 4CE461022498E96F005F201A /* SceneDelegate.swift */; };
		4CE461052498E96F005F201A /* ContentView.swift in Sources */ = {isa = PBXBuildFile; fileRef = 4CE461042498E96F005F201A /* ContentView.swift */; };
		4CE461072498E971005F201A /* Assets.xcassets in Resources */ = {isa = PBXBuildFile; fileRef = 4CE461062498E971005F201A /* Assets.xcassets */; };
		4CE4610A2498E971005F201A /* Preview Assets.xcassets in Resources */ = {isa = PBXBuildFile; fileRef = 4CE461092498E971005F201A /* Preview Assets.xcassets */; };
		4CE4610D2498E971005F201A /* LaunchScreen.storyboard in Resources */ = {isa = PBXBuildFile; fileRef = 4CE4610B2498E971005F201A /* LaunchScreen.storyboard */; };
		4CE46115249909D4005F201A /* stattext.swift in Sources */ = {isa = PBXBuildFile; fileRef = 4CE46114249909D4005F201A /* stattext.swift */; };
		4CE4611724990FFC005F201A /* m.swift in Sources */ = {isa = PBXBuildFile; fileRef = 4CE4611624990FFC005F201A /* m.swift */; };
/* End PBXBuildFile section */

/* Begin PBXFileReference section */
		4CE460FD2498E96F005F201A /* swiftUIExampleTest.app */ = {isa = PBXFileReference; explicitFileType = wrapper.application; includeInIndex = 0; path = swiftUIExampleTest.app; sourceTree = BUILT_PRODUCTS_DIR; };
		4CE461002498E96F005F201A /* AppDelegate.swift */ = {isa = PBXFileReference; lastKnownFileType = sourcecode.swift; path = AppDelegate.swift; sourceTree = "<group>"; };
		4CE461022498E96F005F201A /* SceneDelegate.swift */ = {isa = PBXFileReference; lastKnownFileType = sourcecode.swift; path = SceneDelegate.swift; sourceTree = "<group>"; };
		4CE461042498E96F005F201A /* ContentView.swift */ = {isa = PBXFileReference; lastKnownFileType = sourcecode.swift; path = ContentView.swift; sourceTree = "<group>"; };
		4CE461062498E971005F201A /* Assets.xcassets */ = {isa = PBXFileReference; lastKnownFileType = folder.assetcatalog; path = Assets.xcassets; sourceTree = "<group>"; };
		4CE461092498E971005F201A /* Preview Assets.xcassets */ = {isa = PBXFileReference; lastKnownFileType = folder.assetcatalog; path = "Preview Assets.xcassets"; sourceTree = "<group>"; };
		4CE4610C2498E971005F201A /* Base */ = {isa = PBXFileReference; lastKnownFileType = file.storyboard; name = Base; path = Base.lproj/LaunchScreen.storyboard; sourceTree = "<group>"; };
		4CE4610E2498E971005F201A /* Info.plist */ = {isa = PBXFileReference; lastKnownFileType = text.plist.xml; path = Info.plist; sourceTree = "<group>"; };
		4CE46114249909D4005F201A /* stattext.swift */ = {isa = PBXFileReference; lastKnownFileType = sourcecode.swift; path = stattext.swift; sourceTree = "<group>"; };
		4CE4611624990FFC005F201A /* m.swift */ = {isa = PBXFileReference; lastKnownFileType = sourcecode.swift; path = m.swift; sourceTree = "<group>"; };
/* End PBXFileReference section */

/* Begin PBXFrameworksBuildPhase section */
		4CE460FA2498E96F005F201A /* Frameworks */ = {
			isa = PBXFrameworksBuildPhase;
			buildActionMask = 2147483647;
			files = (
			);
			runOnlyForDeploymentPostprocessing = 0;
		};
/* End PBXFrameworksBuildPhase section */

/* Begin PBXGroup section */
		4CE460F42498E96F005F201A = {
			isa = PBXGroup;
			children = (
				4CE460FF2498E96F005F201A /* swiftUIExampleTest */,
				4CE460FE2498E96F005F201A /* Products */,
			);
			sourceTree = "<group>";
		};
		4CE460FE2498E96F005F201A /* Products */ = {
			isa = PBXGroup;
			children = (
				4CE460FD2498E96F005F201A /* swiftUIExampleTest.app */,
			);
			name = Products;
			sourceTree = "<group>";
		};
		4CE460FF2498E96F005F201A /* swiftUIExampleTest */ = {
			isa = PBXGroup;
			children = (
				4CE461002498E96F005F201A /* AppDelegate.swift */,
				4CE461022498E96F005F201A /* SceneDelegate.swift */,
				4CE461042498E96F005F201A /* ContentView.swift */,
				4CE461062498E971005F201A /* Assets.xcassets */,
				4CE4610B2498E971005F201A /* LaunchScreen.storyboard */,
				4CE4610E2498E971005F201A /* Info.plist */,
				4CE461082498E971005F201A /* Preview Content */,
				4CE46114249909D4005F201A /* stattext.swift */,
				4CE4611624990FFC005F201A /* m.swift */,
			);
			path = swiftUIExampleTest;
			sourceTree = "<group>";
		};
		4CE461082498E971005F201A /* Preview Content */ = {
			isa = PBXGroup;
			children = (
				4CE461092498E971005F201A /* Preview Assets.xcassets */,
			);
			path = "Preview Content";
			sourceTree = "<group>";
		};
/* End PBXGroup section */

/* Begin PBXNativeTarget section */
		4CE460FC2498E96F005F201A /* swiftUIExampleTest */ = {
			isa = PBXNativeTarget;
			buildConfigurationList = 4CE461112498E971005F201A /* Build configuration list for PBXNativeTarget "swiftUIExampleTest" */;
			buildPhases = (
				4CE460F92498E96F005F201A /* Sources */,
				4CE460FA2498E96F005F201A /* Frameworks */,
				4CE460FB2498E96F005F201A /* Resources */,
			);
			buildRules = (
			);
			dependencies = (
			);
			name = swiftUIExampleTest;
			productName = swiftUIExampleTest;
			productReference = 4CE460FD2498E96F005F201A /* swiftUIExampleTest.app */;
			productType = "com.apple.product-type.application";
		};
/* End PBXNativeTarget section */

/* Begin PBXProject section */
		4CE460F52498E96F005F201A /* Project object */ = {
			isa = PBXProject;
			attributes = {
				LastSwiftUpdateCheck = 1140;
				LastUpgradeCheck = 1140;
				ORGANIZATIONNAME = "mohammed hassan";
				TargetAttributes = {
					4CE460FC2498E96F005F201A = {
						CreatedOnToolsVersion = 11.4.1;
					};
				};
			};
			buildConfigurationList = 4CE460F82498E96F005F201A /* Build configuration list for PBXProject "swiftUIExampleTest" */;
			compatibilityVersion = "Xcode 9.3";
			developmentRegion = en;
			hasScannedForEncodings = 0;
			knownRegions = (
				en,
				Base,
			);
			mainGroup = 4CE460F42498E96F005F201A;
			productRefGroup = 4CE460FE2498E96F005F201A /* Products */;
			projectDirPath = "";
			projectRoot = "";
			targets = (
				4CE460FC2498E96F005F201A /* swiftUIExampleTest */,
			);
		};
/* End PBXProject section */

/* Begin PBXResourcesBuildPhase section */
		4CE460FB2498E96F005F201A /* Resources */ = {
			isa = PBXResourcesBuildPhase;
			buildActionMask = 2147483647;
			files = (
				4CE4610D2498E971005F201A /* LaunchScreen.storyboard in Resources */,
				4CE4610A2498E971005F201A /* Preview Assets.xcassets in Resources */,
				4CE461072498E971005F201A /* Assets.xcassets in Resources */,
			);
			runOnlyForDeploymentPostprocessing = 0;
		};
/* End PBXResourcesBuildPhase section */

/* Begin PBXSourcesBuildPhase section */
		4CE460F92498E96F005F201A /* Sources */ = {
			isa = PBXSourcesBuildPhase;
			buildActionMask = 2147483647;
			files = (
				4CE4611724990FFC005F201A /* m.swift in Sources */,
				4CE461012498E96F005F201A /* AppDelegate.swift in Sources */,
				4CE461032498E96F005F201A /* SceneDelegate.swift in Sources */,
				4CE46115249909D4005F201A /* stattext.swift in Sources */,
				4CE461052498E96F005F201A /* ContentView.swift in Sources */,
			);
			runOnlyForDeploymentPostprocessing = 0;
		};
/* End PBXSourcesBuildPhase section */

/* Begin PBXVariantGroup section */
		4CE4610B2498E971005F201A /* LaunchScreen.storyboard */ = {
			isa = PBXVariantGroup;
			children = (
				4CE4610C2498E971005F201A /* Base */,
			);
			name = LaunchScreen.storyboard;
			sourceTree = "<group>";
		};
/* End PBXVariantGroup section */

/* Begin XCBuildConfiguration section */
		4CE4610F2498E971005F201A /* Debug */ = {
			isa = XCBuildConfiguration;
			buildSettings = {
				ALWAYS_SEARCH_USER_PATHS = NO;
				CLANG_ANALYZER_NONNULL = YES;
				CLANG_ANALYZER_NUMBER_OBJECT_CONVERSION = YES_AGGRESSIVE;
				CLANG_CXX_LANGUAGE_STANDARD = "gnu++14";
				CLANG_CXX_LIBRARY = "libc++";
				CLANG_ENABLE_MODULES = YES;
				CLANG_ENABLE_OBJC_ARC = YES;
				CLANG_ENABLE_OBJC_WEAK = YES;
				CLANG_WARN_BLOCK_CAPTURE_AUTORELEASING = YES;
				CLANG_WARN_BOOL_CONVERSION = YES;
				CLANG_WARN_COMMA = YES;
				CLANG_WARN_CONSTANT_CONVERSION = YES;
				CLANG_WARN_DEPRECATED_OBJC_IMPLEMENTATIONS = YES;
				CLANG_WARN_DIRECT_OBJC_ISA_USAGE = YES_ERROR;
				CLANG_WARN_DOCUMENTATION_COMMENTS = YES;
				CLANG_WARN_EMPTY_BODY = YES;
				CLANG_WARN_ENUM_CONVERSION = YES;
				CLANG_WARN_INFINITE_RECURSION = YES;
				CLANG_WARN_INT_CONVERSION = YES;
				CLANG_WARN_NON_LITERAL_NULL_CONVERSION = YES;
				CLANG_WARN_OBJC_IMPLICIT_RETAIN_SELF = YES;
				CLANG_WARN_OBJC_LITERAL_CONVERSION = YES;
				CLANG_WARN_OBJC_ROOT_CLASS = YES_ERROR;
				CLANG_WARN_RANGE_LOOP_ANALYSIS = YES;
				CLANG_WARN_STRICT_PROTOTYPES = YES;
				CLANG_WARN_SUSPICIOUS_MOVE = YES;
				CLANG_WARN_UNGUARDED_AVAILABILITY = YES_AGGRESSIVE;
				CLANG_WARN_UNREACHABLE_CODE = YES;
				CLANG_WARN__DUPLICATE_METHOD_MATCH = YES;
				COPY_PHASE_STRIP = NO;
				DEBUG_INFORMATION_FORMAT = dwarf;
				ENABLE_STRICT_OBJC_MSGSEND = YES;
				ENABLE_TESTABILITY = YES;
				GCC_C_LANGUAGE_STANDARD = gnu11;
				GCC_DYNAMIC_NO_PIC = NO;
				GCC_NO_COMMON_BLOCKS = YES;
				GCC_OPTIMIZATION_LEVEL = 0;
				GCC_PREPROCESSOR_DEFINITIONS = (
					"DEBUG=1",
					"$(inherited)",
				);
				GCC_WARN_64_TO_32_BIT_CONVERSION = YES;
				GCC_WARN_ABOUT_RETURN_TYPE = YES_ERROR;
				GCC_WARN_UNDECLARED_SELECTOR = YES;
				GCC_WARN_UNINITIALIZED_AUTOS = YES_AGGRESSIVE;
				GCC_WARN_UNUSED_FUNCTION = YES;
				GCC_WARN_UNUSED_VARIABLE = YES;
				IPHONEOS_DEPLOYMENT_TARGET = 13.4;
				MTL_ENABLE_DEBUG_INFO = INCLUDE_SOURCE;
				MTL_FAST_MATH = YES;
				ONLY_ACTIVE_ARCH = YES;
				SDKROOT = iphoneos;
				SWIFT_ACTIVE_COMPILATION_CONDITIONS = DEBUG;
				SWIFT_OPTIMIZATION_LEVEL = "-Onone";
			};
			name = Debug;
		};
		4CE461102498E971005F201A /* Release */ = {
			isa = XCBuildConfiguration;
			buildSettings = {
				ALWAYS_SEARCH_USER_PATHS = NO;
				CLANG_ANALYZER_NONNULL = YES;
				CLANG_ANALYZER_NUMBER_OBJECT_CONVERSION = YES_AGGRESSIVE;
				CLANG_CXX_LANGUAGE_STANDARD = "gnu++14";
				CLANG_CXX_LIBRARY = "libc++";
				CLANG_ENABLE_MODULES = YES;
				CLANG_ENABLE_OBJC_ARC = YES;
				CLANG_ENABLE_OBJC_WEAK = YES;
				CLANG_WARN_BLOCK_CAPTURE_AUTORELEASING = YES;
				CLANG_WARN_BOOL_CONVERSION = YES;
				CLANG_WARN_COMMA = YES;
				CLANG_WARN_CONSTANT_CONVERSION = YES;
				CLANG_WARN_DEPRECATED_OBJC_IMPLEMENTATIONS = YES;
				CLANG_WARN_DIRECT_OBJC_ISA_USAGE = YES_ERROR;
				CLANG_WARN_DOCUMENTATION_COMMENTS = YES;
				CLANG_WARN_EMPTY_BODY = YES;
				CLANG_WARN_ENUM_CONVERSION = YES;
				CLANG_WARN_INFINITE_RECURSION = YES;
				CLANG_WARN_INT_CONVERSION = YES;
				CLANG_WARN_NON_LITERAL_NULL_CONVERSION = YES;
				CLANG_WARN_OBJC_IMPLICIT_RETAIN_SELF = YES;
				CLANG_WARN_OBJC_LITERAL_CONVERSION = YES;
				CLANG_WARN_OBJC_ROOT_CLASS = YES_ERROR;
				CLANG_WARN_RANGE_LOOP_ANALYSIS = YES;
				CLANG_WARN_STRICT_PROTOTYPES = YES;
				CLANG_WARN_SUSPICIOUS_MOVE = YES;
				CLANG_WARN_UNGUARDED_AVAILABILITY = YES_AGGRESSIVE;
				CLANG_WARN_UNREACHABLE_CODE = YES;
				CLANG_WARN__DUPLICATE_METHOD_MATCH = YES;
				COPY_PHASE_STRIP = NO;
				DEBUG_INFORMATION_FORMAT = "dwarf-with-dsym";
				ENABLE_NS_ASSERTIONS = NO;
				ENABLE_STRICT_OBJC_MSGSEND = YES;
				GCC_C_LANGUAGE_STANDARD = gnu11;
				GCC_NO_COMMON_BLOCKS = YES;
				GCC_WARN_64_TO_32_BIT_CONVERSION = YES;
				GCC_WARN_ABOUT_RETURN_TYPE = YES_ERROR;
				GCC_WARN_UNDECLARED_SELECTOR = YES;
				GCC_WARN_UNINITIALIZED_AUTOS = YES_AGGRESSIVE;
				GCC_WARN_UNUSED_FUNCTION = YES;
				GCC_WARN_UNUSED_VARIABLE = YES;
				IPHONEOS_DEPLOYMENT_TARGET = 13.4;
				MTL_ENABLE_DEBUG_INFO = NO;
				MTL_FAST_MATH = YES;
				SDKROOT = iphoneos;
				SWIFT_COMPILATION_MODE = wholemodule;
				SWIFT_OPTIMIZATION_LEVEL = "-O";
				VALIDATE_PRODUCT = YES;
			};
			name = Release;
		};
		4CE461122498E971005F201A /* Debug */ = {
			isa = XCBuildConfiguration;
			buildSettings = {
				ASSETCATALOG_COMPILER_APPICON_NAME = AppIcon;
				CODE_SIGN_STYLE = Automatic;
				DEVELOPMENT_ASSET_PATHS = "\"swiftUIExampleTest/Preview Content\"";
				DEVELOPMENT_TEAM = 67U989T8AA;
				ENABLE_PREVIEWS = YES;
				INFOPLIST_FILE = swiftUIExampleTest/Info.plist;
				LD_RUNPATH_SEARCH_PATHS = (
					"$(inherited)",
					"@executable_path/Frameworks",
				);
				PRODUCT_BUNDLE_IDENTIFIER = com.test.swiftUIExampleTest;
				PRODUCT_NAME = "$(TARGET_NAME)";
				SWIFT_VERSION = 5.0;
				TARGETED_DEVICE_FAMILY = "1,2";
			};
			name = Debug;
		};
		4CE461132498E971005F201A /* Release */ = {
			isa = XCBuildConfiguration;
			buildSettings = {
				ASSETCATALOG_COMPILER_APPICON_NAME = AppIcon;
				CODE_SIGN_STYLE = Automatic;
				DEVELOPMENT_ASSET_PATHS = "\"swiftUIExampleTest/Preview Content\"";
				DEVELOPMENT_TEAM = 67U989T8AA;
				ENABLE_PREVIEWS = YES;
				INFOPLIST_FILE = swiftUIExampleTest/Info.plist;
				LD_RUNPATH_SEARCH_PATHS = (
					"$(inherited)",
					"@executable_path/Frameworks",
				);
				PRODUCT_BUNDLE_IDENTIFIER = com.test.swiftUIExampleTest;
				PRODUCT_NAME = "$(TARGET_NAME)";
				SWIFT_VERSION = 5.0;
				TARGETED_DEVICE_FAMILY = "1,2";
			};
			name = Release;
		};
/* End XCBuildConfiguration section */

/* Begin XCConfigurationList section */
		4CE460F82498E96F005F201A /* Build configuration list for PBXProject "swiftUIExampleTest" */ = {
			isa = XCConfigurationList;
			buildConfigurations = (
				4CE4610F2498E971005F201A /* Debug */,
				4CE461102498E971005F201A /* Release */,
			);
			defaultConfigurationIsVisible = 0;
			defaultConfigurationName = Release;
		};
		4CE461112498E971005F201A /* Build configuration list for PBXNativeTarget "swiftUIExampleTest" */ = {
			isa = XCConfigurationList;
			buildConfigurations = (
				4CE461122498E971005F201A /* Debug */,
				4CE461132498E971005F201A /* Release */,
			);
			defaultConfigurationIsVisible = 0;
			defaultConfigurationName = Release;
		};
/* End XCConfigurationList section */
	};
	rootObject = 4CE460F52498E96F005F201A /* Project object */;
}
